
Microsoft Visual Studio Solution File, Format Version 12.00
# Visual Studio Version 17
VisualStudioVersion = 17.3.32922.545
MinimumVisualStudioVersion = 10.0.40219.1
Project("{FAE04EC0-301F-11D3-BF4B-00C04F79EFBC}") = "PracticaNo2", "PracticaNo2\PracticaNo2.csproj", "{90B96E77-AA59-46F2-BF00-D2A57F72B46D}"
EndProject
Global
	GlobalSection(SolutionConfigurationPlatforms) = preSolution
		Debug|Any CPU = Debug|Any CPU
		Release|Any CPU = Release|Any CPU
	EndGlobalSection
	GlobalSection(ProjectConfigurationPlatforms) = postSolution
		{90B96E77-AA59-46F2-BF00-D2A57F72B46D}.Debug|Any CPU.ActiveCfg = Debug|Any CPU
		{90B96E77-AA59-46F2-BF00-D2A57F72B46D}.Debug|Any CPU.Build.0 = Debug|Any CPU
		{90B96E77-AA59-46F2-BF00-D2A57F72B46D}.Release|Any CPU.ActiveCfg = Release|Any CPU
		{90B96E77-AA59-46F2-BF00-D2A57F72B46D}.Release|Any CPU.Build.0 = Release|Any CPU
	EndGlobalSection
	GlobalSection(SolutionProperties) = preSolution
		HideSolutionNode = FALSE
	EndGlobalSection
	GlobalSection(ExtensibilityGlobals) = postSolution
		SolutionGuid = {DCD0FA12-5544-4DDA-B035-139EE3D241B7}
	EndGlobalSection
EndGlobal
