
Microsoft Visual Studio Solution File, Format Version 12.00
# Visual Studio Version 17
VisualStudioVersion = 17.3.32929.385
MinimumVisualStudioVersion = 10.0.40219.1
Project("{FAE04EC0-301F-11D3-BF4B-00C04F79EFBC}") = "Práctica 1 Segundo Parcial", "Práctica 1 Segundo Parcial\Práctica 1 Segundo Parcial.csproj", "{AF596203-A237-4282-B9F9-796E202458F7}"
EndProject
Global
	GlobalSection(SolutionConfigurationPlatforms) = preSolution
		Debug|Any CPU = Debug|Any CPU
		Release|Any CPU = Release|Any CPU
	EndGlobalSection
	GlobalSection(ProjectConfigurationPlatforms) = postSolution
		{AF596203-A237-4282-B9F9-796E202458F7}.Debug|Any CPU.ActiveCfg = Debug|Any CPU
		{AF596203-A237-4282-B9F9-796E202458F7}.Debug|Any CPU.Build.0 = Debug|Any CPU
		{AF596203-A237-4282-B9F9-796E202458F7}.Release|Any CPU.ActiveCfg = Release|Any CPU
		{AF596203-A237-4282-B9F9-796E202458F7}.Release|Any CPU.Build.0 = Release|Any CPU
	EndGlobalSection
	GlobalSection(SolutionProperties) = preSolution
		HideSolutionNode = FALSE
	EndGlobalSection
	GlobalSection(ExtensibilityGlobals) = postSolution
		SolutionGuid = {E68FAF6B-3233-45EB-9642-1E6F0AB83720}
	EndGlobalSection
EndGlobal
