
Microsoft Visual Studio Solution File, Format Version 12.00
# Visual Studio Version 17
VisualStudioVersion = 17.3.32901.215
MinimumVisualStudioVersion = 10.0.40219.1
Project("{FAE04EC0-301F-11D3-BF4B-00C04F79EFBC}") = "TeoremadePitagora", "TeoremadePitagora\TeoremadePitagora.csproj", "{A34F54F4-A836-40E0-92CC-44B278670060}"
EndProject
Global
	GlobalSection(SolutionConfigurationPlatforms) = preSolution
		Debug|Any CPU = Debug|Any CPU
		Release|Any CPU = Release|Any CPU
	EndGlobalSection
	GlobalSection(ProjectConfigurationPlatforms) = postSolution
		{A34F54F4-A836-40E0-92CC-44B278670060}.Debug|Any CPU.ActiveCfg = Debug|Any CPU
		{A34F54F4-A836-40E0-92CC-44B278670060}.Debug|Any CPU.Build.0 = Debug|Any CPU
		{A34F54F4-A836-40E0-92CC-44B278670060}.Release|Any CPU.ActiveCfg = Release|Any CPU
		{A34F54F4-A836-40E0-92CC-44B278670060}.Release|Any CPU.Build.0 = Release|Any CPU
	EndGlobalSection
	GlobalSection(SolutionProperties) = preSolution
		HideSolutionNode = FALSE
	EndGlobalSection
	GlobalSection(ExtensibilityGlobals) = postSolution
		SolutionGuid = {C4C222BB-B617-4761-8B84-374844BCC67C}
	EndGlobalSection
EndGlobal
